Microsoft Visual Studio Solution File, Format Version 12.00
# Visual Studio 2012
Project("{FAE04EC0-301F-11D3-BF4B-00C04F79EFBC}") = "Software Engineer Survivor", "Software Engineer Survivor.csproj", "{D58B156E-1C47-4051-94E8-8F345E37067F}"
EndProject
Global
	GlobalSection(SolutionConfigurationPlatforms) = preSolution
	Debug|Any CPU = Debug|Any CPU
	ExportDebug|Any CPU = ExportDebug|Any CPU
	ExportRelease|Any CPU = ExportRelease|Any CPU
	EndGlobalSection
	GlobalSection(ProjectConfigurationPlatforms) = postSolution
		{D58B156E-1C47-4051-94E8-8F345E37067F}.Debug|Any CPU.ActiveCfg = Debug|Any CPU
		{D58B156E-1C47-4051-94E8-8F345E37067F}.Debug|Any CPU.Build.0 = Debug|Any CPU
		{D58B156E-1C47-4051-94E8-8F345E37067F}.ExportDebug|Any CPU.ActiveCfg = ExportDebug|Any CPU
		{D58B156E-1C47-4051-94E8-8F345E37067F}.ExportDebug|Any CPU.Build.0 = ExportDebug|Any CPU
		{D58B156E-1C47-4051-94E8-8F345E37067F}.ExportRelease|Any CPU.ActiveCfg = ExportRelease|Any CPU
		{D58B156E-1C47-4051-94E8-8F345E37067F}.ExportRelease|Any CPU.Build.0 = ExportRelease|Any CPU
	EndGlobalSection
EndGlobal
